# generated by rye
# use `rye lock` or `rye sync` to update this lockfile
#
# last locked with the following flags:
#   pre: false
#   features: []
#   all-features: false
#   with-sources: false

-e file:.
anyio==4.2.0
    # via httpx
asyncio==3.4.3
    # via transcriber-telegrambot
certifi==2024.2.2
    # via httpcore
    # via httpx
    # via requests
cffi==1.16.0
    # via vosk
charset-normalizer==3.3.2
    # via requests
ffmpeg-python==0.2.0
    # via transcriber-telegrambot
future==0.18.3
    # via ffmpeg-python
h11==0.14.0
    # via httpcore
httpcore==1.0.3
    # via httpx
httpx==0.26.0
    # via python-telegram-bot
idna==3.6
    # via anyio
    # via httpx
    # via requests
iniconfig==2.0.0
    # via pytest
loguru==0.7.2
    # via transcriber-telegrambot
mccabe==0.7.0
    # via pylama
mypy==1.8.0
mypy-extensions==1.0.0
    # via mypy
packaging==23.2
    # via pytest
pluggy==1.4.0
    # via pytest
prometheus-client==0.20.0
    # via transcriber-telegrambot
pycodestyle==2.11.1
    # via pylama
pycparser==2.21
    # via cffi
pydocstyle==6.3.0
    # via pylama
pydub==0.25.1
    # via transcriber-telegrambot
pyflakes==3.2.0
    # via pylama
pylama==8.4.1
pytest==8.0.0
python-telegram-bot==20.8
    # via transcriber-telegrambot
requests==2.31.0
    # via vosk
ruff==0.2.1
sniffio==1.3.0
    # via anyio
    # via httpx
snowballstemmer==2.2.0
    # via pydocstyle
srt==3.5.3
    # via vosk
tqdm==4.66.2
    # via vosk
typing-extensions==4.9.0
    # via mypy
urllib3==2.2.0
    # via requests
vosk==0.3.44
    # via transcriber-telegrambot
websockets==12.0
    # via vosk
